
Microsoft Visual Studio Solution File, Format Version 12.00
# Visual Studio 15
VisualStudioVersion = 15.0.27130.2024
MinimumVisualStudioVersion = 10.0.40219.1
Project("{8BC9CEB8-8B4A-11D0-8D11-00A0C91BC942}") = "Linked List Methods", "Linked List Methods\Linked List Methods.vcxproj", "{BD3BAB34-B12D-4EF8-9C6D-054E4F0E8CE5}"
EndProject
Global
	GlobalSection(SolutionConfigurationPlatforms) = preSolution
		Debug|x64 = Debug|x64
		Debug|x86 = Debug|x86
		Release|x64 = Release|x64
		Release|x86 = Release|x86
	EndGlobalSection
	GlobalSection(ProjectConfigurationPlatforms) = postSolution
		{BD3BAB34-B12D-4EF8-9C6D-054E4F0E8CE5}.Debug|x64.ActiveCfg = Debug|x64
		{BD3BAB34-B12D-4EF8-9C6D-054E4F0E8CE5}.Debug|x64.Build.0 = Debug|x64
		{BD3BAB34-B12D-4EF8-9C6D-054E4F0E8CE5}.Debug|x86.ActiveCfg = Debug|Win32
		{BD3BAB34-B12D-4EF8-9C6D-054E4F0E8CE5}.Debug|x86.Build.0 = Debug|Win32
		{BD3BAB34-B12D-4EF8-9C6D-054E4F0E8CE5}.Release|x64.ActiveCfg = Release|x64
		{BD3BAB34-B12D-4EF8-9C6D-054E4F0E8CE5}.Release|x64.Build.0 = Release|x64
		{BD3BAB34-B12D-4EF8-9C6D-054E4F0E8CE5}.Release|x86.ActiveCfg = Release|Win32
		{BD3BAB34-B12D-4EF8-9C6D-054E4F0E8CE5}.Release|x86.Build.0 = Release|Win32
	EndGlobalSection
	GlobalSection(SolutionProperties) = preSolution
		HideSolutionNode = FALSE
	EndGlobalSection
	GlobalSection(ExtensibilityGlobals) = postSolution
		SolutionGuid = {E038328E-56F7-47AD-A48C-449400446087}
	EndGlobalSection
EndGlobal
